# THIS IS AN AUTOGENERATED FILE. DO NOT EDIT THIS FILE DIRECTLY.
# yarn lockfile v1


"@cbor-extract/cbor-extract-darwin-arm64@2.1.1":
  version "2.1.1"
  resolved "https://registry.yarnpkg.com/@cbor-extract/cbor-extract-darwin-arm64/-/cbor-extract-darwin-arm64-2.1.1.tgz#5721f6dd3feae0b96d23122853ce977e0671b7a6"
  integrity sha512-blVBy5MXz6m36Vx0DfLd7PChOQKEs8lK2bD1WJn/vVgG4FXZiZmZb2GECHFvVPA5T7OnODd9xZiL3nMCv6QUhA==

"@cbor-extract/cbor-extract-darwin-x64@2.1.1":
  version "2.1.1"
  resolved "https://registry.yarnpkg.com/@cbor-extract/cbor-extract-darwin-x64/-/cbor-extract-darwin-x64-2.1.1.tgz#c25e7d0133950d87d101d7b3afafea8d50d83f5f"
  integrity sha512-h6KFOzqk8jXTvkOftyRIWGrd7sKQzQv2jVdTL9nKSf3D2drCvQB/LHUxAOpPXo3pv2clDtKs3xnHalpEh3rDsw==

"@cbor-extract/cbor-extract-linux-arm64@2.1.1":
  version "2.1.1"
  resolved "https://registry.yarnpkg.com/@cbor-extract/cbor-extract-linux-arm64/-/cbor-extract-linux-arm64-2.1.1.tgz#48f78e7d8f0fcc84ed074b6bfa6d15dd83187c63"
  integrity sha512-SxAaRcYf8S0QHaMc7gvRSiTSr7nUYMqbUdErBEu+HYA4Q6UNydx1VwFE68hGcp1qvxcy9yT5U7gA+a5XikfwSQ==

"@cbor-extract/cbor-extract-linux-arm@2.1.1":
  version "2.1.1"
  resolved "https://registry.yarnpkg.com/@cbor-extract/cbor-extract-linux-arm/-/cbor-extract-linux-arm-2.1.1.tgz#7507d346389cb682e44fab8fae9534edd52e2e41"
  integrity sha512-ds0uikdcIGUjPyraV4oJqyVE5gl/qYBpa/Wnh6l6xLE2lj/hwnjT2XcZCChdXwW/YFZ1LUHs6waoYN8PmK0nKQ==

"@cbor-extract/cbor-extract-linux-x64@2.1.1":
  version "2.1.1"
  resolved "https://registry.yarnpkg.com/@cbor-extract/cbor-extract-linux-x64/-/cbor-extract-linux-x64-2.1.1.tgz#b7c1d2be61c58ec18d58afbad52411ded63cd4cd"
  integrity sha512-GVK+8fNIE9lJQHAlhOROYiI0Yd4bAZ4u++C2ZjlkS3YmO6hi+FUxe6Dqm+OKWTcMpL/l71N6CQAmaRcb4zyJuA==

"@cbor-extract/cbor-extract-win32-x64@2.1.1":
  version "2.1.1"
  resolved "https://registry.yarnpkg.com/@cbor-extract/cbor-extract-win32-x64/-/cbor-extract-win32-x64-2.1.1.tgz#21b11a1a3f18c3e7d62fd5f87438b7ed2c64c1f7"
  integrity sha512-2Niq1C41dCRIDeD8LddiH+mxGlO7HJ612Ll3D/E73ZWBmycued+8ghTr/Ho3CMOWPUEr08XtyBMVXAjqF+TcKw==

"@hexagon/base64@^1.1.27":
  version "1.1.28"
  resolved "https://registry.yarnpkg.com/@hexagon/base64/-/base64-1.1.28.tgz#7d306a97f1423829be5b27c9d388fe50e3099d48"
  integrity sha512-lhqDEAvWixy3bZ+UOYbPwUbBkwBq5C1LAJ/xPC8Oi+lL54oyakv/npbA0aU2hgCsx/1NUd4IBvV03+aUBWxerw==

"@peculiar/asn1-android@^2.3.6":
  version "2.3.6"
  resolved "https://registry.yarnpkg.com/@peculiar/asn1-android/-/asn1-android-2.3.6.tgz#20363c23bc5b9a91f7ffd80d7c3842dccff8c20b"
  integrity sha512-zkYh4DsiRhiNfg6tWaUuRc+huwlb9XJbmeZLrjTz9v76UK1Ehq3EnfJFED6P3sdznW/nqWe46LoM9JrqxcD58g==
  dependencies:
    "@peculiar/asn1-schema" "^2.3.6"
    asn1js "^3.0.5"
    tslib "^2.4.0"

"@peculiar/asn1-ecc@^2.3.6":
  version "2.3.6"
  resolved "https://registry.yarnpkg.com/@peculiar/asn1-ecc/-/asn1-ecc-2.3.6.tgz#f155f33f5c61df463d9b33b911d25578a19694b7"
  integrity sha512-Hu1xzMJQWv8/GvzOiinaE6XiD1/kEhq2C/V89UEoWeZ2fLUcGNIvMxOr/pMyL0OmpRWj/mhCTXOZp4PP+a0aTg==
  dependencies:
    "@peculiar/asn1-schema" "^2.3.6"
    "@peculiar/asn1-x509" "^2.3.6"
    asn1js "^3.0.5"
    tslib "^2.4.0"

"@peculiar/asn1-rsa@^2.3.6":
  version "2.3.6"
  resolved "https://registry.yarnpkg.com/@peculiar/asn1-rsa/-/asn1-rsa-2.3.6.tgz#e2af2c52a914c60f33853a86a48905ec555b29c2"
  integrity sha512-DswjJyAXZnvESuImGNTvbNKvh1XApBVqU+r3UmrFFTAI23gv62byl0f5OFKWTNhCf66WQrd3sklpsCZc/4+jwA==
  dependencies:
    "@peculiar/asn1-schema" "^2.3.6"
    "@peculiar/asn1-x509" "^2.3.6"
    asn1js "^3.0.5"
    tslib "^2.4.0"

"@peculiar/asn1-schema@^2.3.6":
  version "2.3.6"
  resolved "https://registry.yarnpkg.com/@peculiar/asn1-schema/-/asn1-schema-2.3.6.tgz#3dd3c2ade7f702a9a94dfb395c192f5fa5d6b922"
  integrity sha512-izNRxPoaeJeg/AyH8hER6s+H7p4itk+03QCa4sbxI3lNdseQYCuxzgsuNK8bTXChtLTjpJz6NmXKA73qLa3rCA==
  dependencies:
    asn1js "^3.0.5"
    pvtsutils "^1.3.2"
    tslib "^2.4.0"

"@peculiar/asn1-x509@^2.3.6":
  version "2.3.6"
  resolved "https://registry.yarnpkg.com/@peculiar/asn1-x509/-/asn1-x509-2.3.6.tgz#e50154a460cdf43da8a41b23ee807a53e0036af0"
  integrity sha512-dRwX31R1lcbIdzbztiMvLNTDoGptxdV7HocNx87LfKU0fEWh7fTWJjx4oV+glETSy6heF/hJHB2J4RGB3vVSYg==
  dependencies:
    "@peculiar/asn1-schema" "^2.3.6"
    asn1js "^3.0.5"
    ipaddr.js "^2.0.1"
    pvtsutils "^1.3.2"
    tslib "^2.4.0"

"@simplewebauthn/browser@^8.2.1":
  version "8.2.1"
  resolved "https://registry.yarnpkg.com/@simplewebauthn/browser/-/browser-8.2.1.tgz#feb9f9553dd10e5e4349d58753e5c3bf8bf52957"
  integrity sha512-s8A2ADEpULrPcKBbewzWECgyUe4sOu06OwBN4UzSO5PmBj4TG9nXaz+Ihy7ZT8eK6lF+lPy/tKebfjc/7dY2HA==
  dependencies:
    "@simplewebauthn/typescript-types" "^8.0.0"

"@simplewebauthn/server@^8.2.0":
  version "8.2.0"
  resolved "https://registry.yarnpkg.com/@simplewebauthn/server/-/server-8.2.0.tgz#d6feeb55818d0538f28cd53b05cc2c3757abe389"
  integrity sha512-nknf7kCa5V61Kk2zn1vTuKeAlyut9aWduIcbHNQWpMCEJqH/m8cXpb+9UV42MEQRIk8JVC1GSNeEx56QVTfJHw==
  dependencies:
    "@hexagon/base64" "^1.1.27"
    "@peculiar/asn1-android" "^2.3.6"
    "@peculiar/asn1-ecc" "^2.3.6"
    "@peculiar/asn1-rsa" "^2.3.6"
    "@peculiar/asn1-schema" "^2.3.6"
    "@peculiar/asn1-x509" "^2.3.6"
    "@simplewebauthn/typescript-types" "^8.0.0"
    cbor-x "^1.5.2"
    cross-fetch "^4.0.0"

"@simplewebauthn/typescript-types@^8.0.0":
  version "8.0.0"
  resolved "https://registry.yarnpkg.com/@simplewebauthn/typescript-types/-/typescript-types-8.0.0.tgz#1698a7228aba880c5c1deba1f13a4f9fd8851cb3"
  integrity sha512-d7Izb2H+LZJteXMkS8DmpAarD6mZdpIOu/av/yH4/u/3Pd6DKFLyBM3j8BMmUvUqpzvJvHARNrRfQYto58mtTQ==

"@types/node@^20.8.0":
  version "20.8.0"
  resolved "https://registry.yarnpkg.com/@types/node/-/node-20.8.0.tgz#10ddf0119cf20028781c06d7115562934e53f745"
  integrity sha512-LzcWltT83s1bthcvjBmiBvGJiiUe84NWRHkw+ZV6Fr41z2FbIzvc815dk2nQ3RAKMuN2fkenM/z3Xv2QzEpYxQ==

asn1js@^3.0.5:
  version "3.0.5"
  resolved "https://registry.yarnpkg.com/asn1js/-/asn1js-3.0.5.tgz#5ea36820443dbefb51cc7f88a2ebb5b462114f38"
  integrity sha512-FVnvrKJwpt9LP2lAMl8qZswRNm3T4q9CON+bxldk2iwk3FFpuwhx2FfinyitizWHsVYyaY+y5JzDR0rCMV5yTQ==
  dependencies:
    pvtsutils "^1.3.2"
    pvutils "^1.1.3"
    tslib "^2.4.0"

asynckit@^0.4.0:
  version "0.4.0"
  resolved "https://registry.yarnpkg.com/asynckit/-/asynckit-0.4.0.tgz#c79ed97f7f34cb8f2ba1bc9790bcc366474b4b79"
  integrity sha512-Oei9OH4tRh0YqU3GxhX79dM/mwVgvbZJaSNaRk+bshkj0S5cfHcgYakreBjrHwatXKbz+IoIdYLxrKim2MjW0Q==

axios@^1.5.1:
  version "1.5.1"
  resolved "https://registry.yarnpkg.com/axios/-/axios-1.5.1.tgz#11fbaa11fc35f431193a9564109c88c1f27b585f"
  integrity sha512-Q28iYCWzNHjAm+yEAot5QaAMxhMghWLFVf7rRdwhUI+c2jix2DUXjAHXVi+s1ibs3mjPO/cCgbA++3BjD0vP/A==
  dependencies:
    follow-redirects "^1.15.0"
    form-data "^4.0.0"
    proxy-from-env "^1.1.0"

cbor-extract@^2.1.1:
  version "2.1.1"
  resolved "https://registry.yarnpkg.com/cbor-extract/-/cbor-extract-2.1.1.tgz#f154b31529fdb6b7c70fb3ca448f44eda96a1b42"
  integrity sha512-1UX977+L+zOJHsp0mWFG13GLwO6ucKgSmSW6JTl8B9GUvACvHeIVpFqhU92299Z6PfD09aTXDell5p+lp1rUFA==
  dependencies:
    node-gyp-build-optional-packages "5.0.3"
  optionalDependencies:
    "@cbor-extract/cbor-extract-darwin-arm64" "2.1.1"
    "@cbor-extract/cbor-extract-darwin-x64" "2.1.1"
    "@cbor-extract/cbor-extract-linux-arm" "2.1.1"
    "@cbor-extract/cbor-extract-linux-arm64" "2.1.1"
    "@cbor-extract/cbor-extract-linux-x64" "2.1.1"
    "@cbor-extract/cbor-extract-win32-x64" "2.1.1"

cbor-x@^1.5.2:
  version "1.5.4"
  resolved "https://registry.yarnpkg.com/cbor-x/-/cbor-x-1.5.4.tgz#8f0754fa8589cbd7339b613b2b5717d133508e98"
  integrity sha512-PVKILDn+Rf6MRhhcyzGXi5eizn1i0i3F8Fe6UMMxXBnWkalq9+C5+VTmlIjAYM4iF2IYF2N+zToqAfYOp+3rfw==
  optionalDependencies:
    cbor-extract "^2.1.1"

combined-stream@^1.0.8:
  version "1.0.8"
  resolved "https://registry.yarnpkg.com/combined-stream/-/combined-stream-1.0.8.tgz#c3d45a8b34fd730631a110a8a2520682b31d5a7f"
  integrity sha512-FQN4MRfuJeHf7cBbBMJFXhKSDq+2kAArBlmRBvcvFE5BB1HZKXtSFASDhdlz9zOYwxh8lDdnvmMOe/+5cdoEdg==
  dependencies:
    delayed-stream "~1.0.0"

cross-fetch@^4.0.0:
  version "4.0.0"
  resolved "https://registry.yarnpkg.com/cross-fetch/-/cross-fetch-4.0.0.tgz#f037aef1580bb3a1a35164ea2a848ba81b445983"
  integrity sha512-e4a5N8lVvuLgAWgnCrLr2PP0YyDOTHa9H/Rj54dirp61qXnNq46m82bRhNqIA5VccJtWBvPTFRV3TtvHUKPB1g==
  dependencies:
    node-fetch "^2.6.12"

delayed-stream@~1.0.0:
  version "1.0.0"
  resolved "https://registry.yarnpkg.com/delayed-stream/-/delayed-stream-1.0.0.tgz#df3ae199acadfb7d440aaae0b29e2272b24ec619"
  integrity sha512-ZySD7Nf91aLB0RxL4KGrKHBXl7Eds1DAmEdcoVawXnLD7SDhpNgtuII2aAkg7a7QS41jxPSZ17p4VdGnMHk3MQ==

follow-redirects@^1.15.0:
  version "1.15.3"
  resolved "https://registry.yarnpkg.com/follow-redirects/-/follow-redirects-1.15.3.tgz#fe2f3ef2690afce7e82ed0b44db08165b207123a"
  integrity sha512-1VzOtuEM8pC9SFU1E+8KfTjZyMztRsgEfwQl44z8A25uy13jSzTj6dyK2Df52iV0vgHCfBwLhDWevLn95w5v6Q==

form-data@^4.0.0:
  version "4.0.0"
  resolved "https://registry.yarnpkg.com/form-data/-/form-data-4.0.0.tgz#93919daeaf361ee529584b9b31664dc12c9fa452"
  integrity sha512-ETEklSGi5t0QMZuiXoA/Q6vcnxcLQP5vdugSpuAyi6SVGi2clPPp+xgEhuMaHC+zGgn31Kd235W35f7Hykkaww==
  dependencies:
    asynckit "^0.4.0"
    combined-stream "^1.0.8"
    mime-types "^2.1.12"

ipaddr.js@^2.0.1:
  version "2.1.0"
  resolved "https://registry.yarnpkg.com/ipaddr.js/-/ipaddr.js-2.1.0.tgz#2119bc447ff8c257753b196fc5f1ce08a4cdf39f"
  integrity sha512-LlbxQ7xKzfBusov6UMi4MFpEg0m+mAm9xyNGEduwXMEDuf4WfzB/RZwMVYEd7IKGvh4IUkEXYxtAVu9T3OelJQ==

mime-db@1.52.0:
  version "1.52.0"
  resolved "https://registry.yarnpkg.com/mime-db/-/mime-db-1.52.0.tgz#bbabcdc02859f4987301c856e3387ce5ec43bf70"
  integrity sha512-sPU4uV7dYlvtWJxwwxHD0PuihVNiE7TyAbQ5SWxDCB9mUYvOgroQOwYQQOKPJ8CIbE+1ETVlOoK1UC2nU3gYvg==

mime-types@^2.1.12:
  version "2.1.35"
  resolved "https://registry.yarnpkg.com/mime-types/-/mime-types-2.1.35.tgz#381a871b62a734450660ae3deee44813f70d959a"
  integrity sha512-ZDY+bPm5zTTF+YpCrAU9nK0UgICYPT0QtT1NZWFv4s++TNkcgVaT0g6+4R2uI4MjQjzysHB1zxuWL50hzaeXiw==
  dependencies:
    mime-db "1.52.0"

node-fetch@^2.6.12:
  version "2.7.0"
  resolved "https://registry.yarnpkg.com/node-fetch/-/node-fetch-2.7.0.tgz#d0f0fa6e3e2dc1d27efcd8ad99d550bda94d187d"
  integrity sha512-c4FRfUm/dbcWZ7U+1Wq0AwCyFL+3nt2bEw05wfxSz+DWpWsitgmSgYmy2dQdWyKC1694ELPqMs/YzUSNozLt8A==
  dependencies:
    whatwg-url "^5.0.0"

node-gyp-build-optional-packages@5.0.3:
  version "5.0.3"
  resolved "https://registry.yarnpkg.com/node-gyp-build-optional-packages/-/node-gyp-build-optional-packages-5.0.3.tgz#92a89d400352c44ad3975010368072b41ad66c17"
  integrity sha512-k75jcVzk5wnnc/FMxsf4udAoTEUv2jY3ycfdSd3yWu6Cnd1oee6/CfZJApyscA4FJOmdoixWwiwOyf16RzD5JA==

proxy-from-env@^1.1.0:
  version "1.1.0"
  resolved "https://registry.yarnpkg.com/proxy-from-env/-/proxy-from-env-1.1.0.tgz#e102f16ca355424865755d2c9e8ea4f24d58c3e2"
  integrity sha512-D+zkORCbA9f1tdWRK0RaCR3GPv50cMxcrz4X8k5LTSUD1Dkw47mKJEZQNunItRTkWwgtaUSo1RVFRIG9ZXiFYg==

pvtsutils@^1.3.2:
  version "1.3.5"
  resolved "https://registry.yarnpkg.com/pvtsutils/-/pvtsutils-1.3.5.tgz#b8705b437b7b134cd7fd858f025a23456f1ce910"
  integrity sha512-ARvb14YB9Nm2Xi6nBq1ZX6dAM0FsJnuk+31aUp4TrcZEdKUlSqOqsxJHUPJDNE3qiIp+iUPEIeR6Je/tgV7zsA==
  dependencies:
    tslib "^2.6.1"

pvutils@^1.1.3:
  version "1.1.3"
  resolved "https://registry.yarnpkg.com/pvutils/-/pvutils-1.1.3.tgz#f35fc1d27e7cd3dfbd39c0826d173e806a03f5a3"
  integrity sha512-pMpnA0qRdFp32b1sJl1wOJNxZLQ2cbQx+k6tjNtZ8CpvVhNqEPRgivZ2WOUev2YMajecdH7ctUPDvEe87nariQ==

tr46@~0.0.3:
  version "0.0.3"
  resolved "https://registry.yarnpkg.com/tr46/-/tr46-0.0.3.tgz#8184fd347dac9cdc185992f3a6622e14b9d9ab6a"
  integrity sha512-N3WMsuqV66lT30CrXNbEjx4GEwlow3v6rr4mCcv6prnfwhS01rkgyFdjPNBYd9br7LpXV1+Emh01fHnq2Gdgrw==

tslib@^2.4.0, tslib@^2.6.1:
  version "2.6.2"
  resolved "https://registry.yarnpkg.com/tslib/-/tslib-2.6.2.tgz#703ac29425e7b37cd6fd456e92404d46d1f3e4ae"
  integrity sha512-AEYxH93jGFPn/a2iVAwW87VuUIkR1FVUKB77NwMF7nBTDkDrrT/Hpt/IrCJ0QXhW27jTBDcf5ZY7w6RiqTMw2Q==

typescript@^5.2.2:
  version "5.2.2"
  resolved "https://registry.yarnpkg.com/typescript/-/typescript-5.2.2.tgz#5ebb5e5a5b75f085f22bc3f8460fba308310fa78"
  integrity sha512-mI4WrpHsbCIcwT9cF4FZvr80QUeKvsUsUvKDoR+X/7XHQH98xYD8YHZg7ANtz2GtZt/CBq2QJ0thkGJMHfqc1w==

webidl-conversions@^3.0.0:
  version "3.0.1"
  resolved "https://registry.yarnpkg.com/webidl-conversions/-/webidl-conversions-3.0.1.tgz#24534275e2a7bc6be7bc86611cc16ae0a5654871"
  integrity sha512-2JAn3z8AR6rjK8Sm8orRC0h/bcl/DqL7tRPdGZ4I1CjdF+EaMLmYxBHyXuKL849eucPFhvBoxMsflfOb8kxaeQ==

whatwg-url@^5.0.0:
  version "5.0.0"
  resolved "https://registry.yarnpkg.com/whatwg-url/-/whatwg-url-5.0.0.tgz#966454e8765462e37644d3626f6742ce8b70965d"
  integrity sha512-saE57nupxk6v3HY35+jzBwYa0rKSy0XR8JSxZPwgLr7ys0IBzhGviA1/TUGJLmSVqs8pb9AnvICXEuOHLprYTw==
  dependencies:
    tr46 "~0.0.3"
    webidl-conversions "^3.0.0"
